{
  "object": {
    "pins": [
      {
        "package": "MixedGroup",
        "repositoryURL": "https://github.com/christopherweems/MixedGroup",
        "state": {
          "branch": "main",
          "revision": "4c4af303fbc14cb6070af59ccc730ffddec8744f",
          "version": null
        }
      }
    ]
  },
  "version": 1
}
