{
  "object": {
    "pins": [
      {
        "package": "MixedGroup",
        "repositoryURL": "https://github.com/christopherweems/MixedGroup",
        "state": {
          "branch": "main",
          "revision": "e02ee337a15b444c60df2d44ba02ea0cae5c7488",
          "version": null
        }
      }
    ]
  },
  "version": 1
}
